Microsoft Visual Studio Solution File, Format Version 12.00
# Visual Studio 2012
Project("{FAE04EC0-301F-11D3-BF4B-00C04F79EFBC}") = "OsuSkinMixer", "OsuSkinMixer.csproj", "{12B5E753-E8C6-4B59-9F12-D90F4294B48D}"
EndProject
Global
	GlobalSection(SolutionConfigurationPlatforms) = preSolution
	Debug|Any CPU = Debug|Any CPU
	ExportDebug|Any CPU = ExportDebug|Any CPU
	ExportRelease|Any CPU = ExportRelease|Any CPU
	EndGlobalSection
	GlobalSection(ProjectConfigurationPlatforms) = postSolution
		{12B5E753-E8C6-4B59-9F12-D90F4294B48D}.Debug|Any CPU.ActiveCfg = Debug|Any CPU
		{12B5E753-E8C6-4B59-9F12-D90F4294B48D}.Debug|Any CPU.Build.0 = Debug|Any CPU
		{12B5E753-E8C6-4B59-9F12-D90F4294B48D}.ExportDebug|Any CPU.ActiveCfg = ExportDebug|Any CPU
		{12B5E753-E8C6-4B59-9F12-D90F4294B48D}.ExportDebug|Any CPU.Build.0 = ExportDebug|Any CPU
		{12B5E753-E8C6-4B59-9F12-D90F4294B48D}.ExportRelease|Any CPU.ActiveCfg = ExportRelease|Any CPU
		{12B5E753-E8C6-4B59-9F12-D90F4294B48D}.ExportRelease|Any CPU.Build.0 = ExportRelease|Any CPU
	EndGlobalSection
EndGlobal
